
Microsoft Visual Studio Solution File, Format Version 12.00
# Visual Studio 15
VisualStudioVersion = 15.0.28010.2003
MinimumVisualStudioVersion = 10.0.40219.1
Project("{FAE04EC0-301F-11D3-BF4B-00C04F79EFBC}") = "DigitalMediaLibrary.Client", "DigitalMediaLibrary.Client\DigitalMediaLibrary.Client.csproj", "{0CF0B79E-FC61-41CC-A3E7-107F3B898910}"
EndProject
Project("{FAE04EC0-301F-11D3-BF4B-00C04F79EFBC}") = "DigitalMediaLibrary.ClassLibrary", "DigitalMediaLibrary.ClassLibrary\DigitalMediaLibrary.ClassLibrary.csproj", "{0F25708E-6F9F-4F48-BCC7-25F1B8753B07}"
EndProject
Global
	GlobalSection(SolutionConfigurationPlatforms) = preSolution
		Debug|Any CPU = Debug|Any CPU
		Release|Any CPU = Release|Any CPU
	EndGlobalSection
	GlobalSection(ProjectConfigurationPlatforms) = postSolution
		{0CF0B79E-FC61-41CC-A3E7-107F3B898910}.Debug|Any CPU.ActiveCfg = Debug|Any CPU
		{0CF0B79E-FC61-41CC-A3E7-107F3B898910}.Debug|Any CPU.Build.0 = Debug|Any CPU
		{0CF0B79E-FC61-41CC-A3E7-107F3B898910}.Release|Any CPU.ActiveCfg = Release|Any CPU
		{0CF0B79E-FC61-41CC-A3E7-107F3B898910}.Release|Any CPU.Build.0 = Release|Any CPU
		{0F25708E-6F9F-4F48-BCC7-25F1B8753B07}.Debug|Any CPU.ActiveCfg = Debug|Any CPU
		{0F25708E-6F9F-4F48-BCC7-25F1B8753B07}.Debug|Any CPU.Build.0 = Debug|Any CPU
		{0F25708E-6F9F-4F48-BCC7-25F1B8753B07}.Release|Any CPU.ActiveCfg = Release|Any CPU
		{0F25708E-6F9F-4F48-BCC7-25F1B8753B07}.Release|Any CPU.Build.0 = Release|Any CPU
	EndGlobalSection
	GlobalSection(SolutionProperties) = preSolution
		HideSolutionNode = FALSE
	EndGlobalSection
	GlobalSection(ExtensibilityGlobals) = postSolution
		SolutionGuid = {F6E42BB4-179B-4E62-8F4C-77143D789088}
	EndGlobalSection
EndGlobal
